
Microsoft Visual Studio Solution File, Format Version 12.00
# Visual Studio Version 17
VisualStudioVersion = 17.6.33815.320
MinimumVisualStudioVersion = 10.0.40219.1
Project("{9A19103F-16F7-4668-BE54-9A1E7A4F7556}") = "FileConverter.Api", "FileConverter.Api\FileConverter.Api.csproj", "{10E6DE56-B622-4BF6-A666-2AB6D80E28E7}"
EndProject
Project("{FAE04EC0-301F-11D3-BF4B-00C04F79EFBC}") = "FileConverter.Api.UnitTests", "FileConverter.Api.UnitTests\FileConverter.Api.UnitTests.csproj", "{F5F981F4-FCC6-47AA-A112-99DEC1542BDF}"
EndProject
Global
	GlobalSection(SolutionConfigurationPlatforms) = preSolution
		Debug|Any CPU = Debug|Any CPU
		Release|Any CPU = Release|Any CPU
	EndGlobalSection
	GlobalSection(ProjectConfigurationPlatforms) = postSolution
		{10E6DE56-B622-4BF6-A666-2AB6D80E28E7}.Debug|Any CPU.ActiveCfg = Debug|Any CPU
		{10E6DE56-B622-4BF6-A666-2AB6D80E28E7}.Debug|Any CPU.Build.0 = Debug|Any CPU
		{10E6DE56-B622-4BF6-A666-2AB6D80E28E7}.Release|Any CPU.ActiveCfg = Release|Any CPU
		{10E6DE56-B622-4BF6-A666-2AB6D80E28E7}.Release|Any CPU.Build.0 = Release|Any CPU
		{F5F981F4-FCC6-47AA-A112-99DEC1542BDF}.Debug|Any CPU.ActiveCfg = Debug|Any CPU
		{F5F981F4-FCC6-47AA-A112-99DEC1542BDF}.Debug|Any CPU.Build.0 = Debug|Any CPU
		{F5F981F4-FCC6-47AA-A112-99DEC1542BDF}.Release|Any CPU.ActiveCfg = Release|Any CPU
		{F5F981F4-FCC6-47AA-A112-99DEC1542BDF}.Release|Any CPU.Build.0 = Release|Any CPU
	EndGlobalSection
	GlobalSection(SolutionProperties) = preSolution
		HideSolutionNode = FALSE
	EndGlobalSection
	GlobalSection(ExtensibilityGlobals) = postSolution
		SolutionGuid = {BC9F2576-3ED3-4F92-ABDF-88347315040B}
	EndGlobalSection
EndGlobal
